// !$*UTF8*$!
{
	archiveVersion = 1;
	classes = {
	};
	objectVersion = 46;
	objects = {

/* Begin PBXBuildFile section */
		6A05E7CC1C507BCD009CEFDE /* main.m in Sources */ = {isa = PBXBuildFile; fileRef = 6A05E7CB1C507BCD009CEFDE /* main.m */; };
		6A05E7D51C507BCD009CEFDE /* Main.storyboard in Resources */ = {isa = PBXBuildFile; fileRef = 6A05E7D31C507BCD009CEFDE /* Main.storyboard */; };
		6A05E7D71C507BCD009CEFDE /* Assets.xcassets in Resources */ = {isa = PBXBuildFile; fileRef = 6A05E7D61C507BCD009CEFDE /* Assets.xcassets */; };
		6A05E7DA1C507BCD009CEFDE /* LaunchScreen.storyboard in Resources */ = {isa = PBXBuildFile; fileRef = 6A05E7D81C507BCD009CEFDE /* LaunchScreen.storyboard */; };
		C2FDA04C1C50B83E0064BCF3 /* AppDelegate.m in Sources */ = {isa = PBXBuildFile; fileRef = C2FD9FF41C50B83E0064BCF3 /* AppDelegate.m */; };
		C2FDA04E1C50B83E0064BCF3 /* CommunityTableViewController.m in Sources */ = {isa = PBXBuildFile; fileRef = C2FD9FFC1C50B83E0064BCF3 /* CommunityTableViewController.m */; };
		C2FDA04F1C50B83E0064BCF3 /* HeroTableViewController.m in Sources */ = {isa = PBXBuildFile; fileRef = C2FDA0021C50B83E0064BCF3 /* HeroTableViewController.m */; };
		C2FDA0501C50B83E0064BCF3 /* InformationTableViewController.m in Sources */ = {isa = PBXBuildFile; fileRef = C2FDA0081C50B83E0064BCF3 /* InformationTableViewController.m */; };
		C2FDA0511C50B83E0064BCF3 /* MoreCollectionViewController.m in Sources */ = {isa = PBXBuildFile; fileRef = C2FDA00E1C50B83E0064BCF3 /* MoreCollectionViewController.m */; };
		C2FDA0521C50B83E0064BCF3 /* VideoCollectionViewController.m in Sources */ = {isa = PBXBuildFile; fileRef = C2FDA0141C50B83E0064BCF3 /* VideoCollectionViewController.m */; };
		C2FDA0531C50B83E0064BCF3 /* zhanwei.m in Sources */ = {isa = PBXBuildFile; fileRef = C2FDA0191C50B83E0064BCF3 /* zhanwei.m */; };
		C2FDA0541C50B83E0064BCF3 /* iconfont-chazhao.png in Resources */ = {isa = PBXBuildFile; fileRef = C2FDA0221C50B83E0064BCF3 /* iconfont-chazhao.png */; };
		C2FDA0551C50B83E0064BCF3 /* iconfont-download.png in Resources */ = {isa = PBXBuildFile; fileRef = C2FDA0231C50B83E0064BCF3 /* iconfont-download.png */; };
		C2FDA0561C50B83E0064BCF3 /* iconfont-gengduo-2.png in Resources */ = {isa = PBXBuildFile; fileRef = C2FDA0241C50B83E0064BCF3 /* iconfont-gengduo-2.png */; };
		C2FDA0571C50B83E0064BCF3 /* iconfont-geren.png in Resources */ = {isa = PBXBuildFile; fileRef = C2FDA0251C50B83E0064BCF3 /* iconfont-geren.png */; };
		C2FDA0581C50B83E0064BCF3 /* iconfont-ordinaryvideo.png in Resources */ = {isa = PBXBuildFile; fileRef = C2FDA0261C50B83E0064BCF3 /* iconfont-ordinaryvideo.png */; };
		C2FDA0591C50B83E0064BCF3 /* iconfont-shequ.png in Resources */ = {isa = PBXBuildFile; fileRef = C2FDA0271C50B83E0064BCF3 /* iconfont-shequ.png */; };
		C2FDA05A1C50B83E0064BCF3 /* iconfont-zixun.png in Resources */ = {isa = PBXBuildFile; fileRef = C2FDA0281C50B83E0064BCF3 /* iconfont-zixun.png */; };
		C2FDA05B1C50B83E0064BCF3 /* MKAnnotationView+WebCache.m in Sources */ = {isa = PBXBuildFile; fileRef = C2FDA02C1C50B83E0064BCF3 /* MKAnnotationView+WebCache.m */; };
		C2FDA05C1C50B83E0064BCF3 /* NSData+ImageContentType.m in Sources */ = {isa = PBXBuildFile; fileRef = C2FDA02E1C50B83E0064BCF3 /* NSData+ImageContentType.m */; };
		C2FDA05D1C50B83E0064BCF3 /* SDImageCache.m in Sources */ = {isa = PBXBuildFile; fileRef = C2FDA0301C50B83E0064BCF3 /* SDImageCache.m */; };
		C2FDA05E1C50B83E0064BCF3 /* SDWebImageCompat.m in Sources */ = {isa = PBXBuildFile; fileRef = C2FDA0321C50B83E0064BCF3 /* SDWebImageCompat.m */; };
		C2FDA05F1C50B83E0064BCF3 /* SDWebImageDecoder.m in Sources */ = {isa = PBXBuildFile; fileRef = C2FDA0341C50B83E0064BCF3 /* SDWebImageDecoder.m */; };
		C2FDA0601C50B83E0064BCF3 /* SDWebImageDownloader.m in Sources */ = {isa = PBXBuildFile; fileRef = C2FDA0361C50B83E0064BCF3 /* SDWebImageDownloader.m */; };
		C2FDA0611C50B83E0064BCF3 /* SDWebImageDownloaderOperation.m in Sources */ = {isa = PBXBuildFile; fileRef = C2FDA0381C50B83E0064BCF3 /* SDWebImageDownloaderOperation.m */; };
		C2FDA0621C50B83E0064BCF3 /* SDWebImageManager.m in Sources */ = {isa = PBXBuildFile; fileRef = C2FDA03A1C50B83E0064BCF3 /* SDWebImageManager.m */; };
		C2FDA0631C50B83E0064BCF3 /* SDWebImagePrefetcher.m in Sources */ = {isa = PBXBuildFile; fileRef = C2FDA03D1C50B83E0064BCF3 /* SDWebImagePrefetcher.m */; };
		C2FDA0641C50B83E0064BCF3 /* UIButton+WebCache.m in Sources */ = {isa = PBXBuildFile; fileRef = C2FDA03F1C50B83E0064BCF3 /* UIButton+WebCache.m */; };
		C2FDA0651C50B83E0064BCF3 /* UIImage+GIF.m in Sources */ = {isa = PBXBuildFile; fileRef = C2FDA0411C50B83E0064BCF3 /* UIImage+GIF.m */; };
		C2FDA0661C50B83E0064BCF3 /* UIImage+MultiFormat.m in Sources */ = {isa = PBXBuildFile; fileRef = C2FDA0431C50B83E0064BCF3 /* UIImage+MultiFormat.m */; };
		C2FDA0671C50B83E0064BCF3 /* UIImage+WebP.m in Sources */ = {isa = PBXBuildFile; fileRef = C2FDA0451C50B83E0064BCF3 /* UIImage+WebP.m */; };
		C2FDA0681C50B83E0064BCF3 /* UIImageView+HighlightedWebCache.m in Sources */ = {isa = PBXBuildFile; fileRef = C2FDA0471C50B83E0064BCF3 /* UIImageView+HighlightedWebCache.m */; };
		C2FDA0691C50B83E0064BCF3 /* UIImageView+WebCache.m in Sources */ = {isa = PBXBuildFile; fileRef = C2FDA0491C50B83E0064BCF3 /* UIImageView+WebCache.m */; };
		C2FDA06A1C50B83E0064BCF3 /* UIView+WebCacheOperation.m in Sources */ = {isa = PBXBuildFile; fileRef = C2FDA04B1C50B83E0064BCF3 /* UIView+WebCacheOperation.m */; };
		DF0DD9C81C50CDA600964E98 /* DataRequestTool.m in Sources */ = {isa = PBXBuildFile; fileRef = DF0DD9C71C50CDA600964E98 /* DataRequestTool.m */; };
/* End PBXBuildFile section */

/* Begin PBXFileReference section */
		6A05E7C71C507BCD009CEFDE /* LOLPalm.app */ = {isa = PBXFileReference; explicitFileType = wrapper.application; includeInIndex = 0; path = LOLPalm.app; sourceTree = BUILT_PRODUCTS_DIR; };
		6A05E7CB1C507BCD009CEFDE /* main.m */ = {isa = PBXFileReference; lastKnownFileType = sourcecode.c.objc; path = main.m; sourceTree = "<group>"; };
		6A05E7D41C507BCD009CEFDE /* Base */ = {isa = PBXFileReference; lastKnownFileType = file.storyboard; name = Base; path = Base.lproj/Main.storyboard; sourceTree = "<group>"; };
		6A05E7D61C507BCD009CEFDE /* Assets.xcassets */ = {isa = PBXFileReference; lastKnownFileType = folder.assetcatalog; path = Assets.xcassets; sourceTree = "<group>"; };
		6A05E7D91C507BCD009CEFDE /* Base */ = {isa = PBXFileReference; lastKnownFileType = file.storyboard; name = Base; path = Base.lproj/LaunchScreen.storyboard; sourceTree = "<group>"; };
		6A05E7DB1C507BCD009CEFDE /* Info.plist */ = {isa = PBXFileReference; lastKnownFileType = text.plist.xml; path = Info.plist; sourceTree = "<group>"; };
		C2FD9FF31C50B83E0064BCF3 /* AppDelegate.h */ = {isa = PBXFileReference; fileEncoding = 4; lastKnownFileType = sourcecode.c.h; path = AppDelegate.h; sourceTree = "<group>"; };
		C2FD9FF41C50B83E0064BCF3 /* AppDelegate.m */ = {isa = PBXFileReference; fileEncoding = 4; lastKnownFileType = sourcecode.c.objc; path = AppDelegate.m; sourceTree = "<group>"; };
		C2FD9FFB1C50B83E0064BCF3 /* CommunityTableViewController.h */ = {isa = PBXFileReference; fileEncoding = 4; lastKnownFileType = sourcecode.c.h; path = CommunityTableViewController.h; sourceTree = "<group>"; };
		C2FD9FFC1C50B83E0064BCF3 /* CommunityTableViewController.m */ = {isa = PBXFileReference; fileEncoding = 4; lastKnownFileType = sourcecode.c.objc; path = CommunityTableViewController.m; sourceTree = "<group>"; };
		C2FDA0011C50B83E0064BCF3 /* HeroTableViewController.h */ = {isa = PBXFileReference; fileEncoding = 4; lastKnownFileType = sourcecode.c.h; path = HeroTableViewController.h; sourceTree = "<group>"; };
		C2FDA0021C50B83E0064BCF3 /* HeroTableViewController.m */ = {isa = PBXFileReference; fileEncoding = 4; lastKnownFileType = sourcecode.c.objc; path = HeroTableViewController.m; sourceTree = "<group>"; };
		C2FDA0071C50B83E0064BCF3 /* InformationTableViewController.h */ = {isa = PBXFileReference; fileEncoding = 4; lastKnownFileType = sourcecode.c.h; path = InformationTableViewController.h; sourceTree = "<group>"; };
		C2FDA0081C50B83E0064BCF3 /* InformationTableViewController.m */ = {isa = PBXFileReference; fileEncoding = 4; lastKnownFileType = sourcecode.c.objc; path = InformationTableViewController.m; sourceTree = "<group>"; };
		C2FDA00D1C50B83E0064BCF3 /* MoreCollectionViewController.h */ = {isa = PBXFileReference; fileEncoding = 4; lastKnownFileType = sourcecode.c.h; path = MoreCollectionViewController.h; sourceTree = "<group>"; };
		C2FDA00E1C50B83E0064BCF3 /* MoreCollectionViewController.m */ = {isa = PBXFileReference; fileEncoding = 4; lastKnownFileType = sourcecode.c.objc; path = MoreCollectionViewController.m; sourceTree = "<group>"; };
		C2FDA0131C50B83E0064BCF3 /* VideoCollectionViewController.h */ = {isa = PBXFileReference; fileEncoding = 4; lastKnownFileType = sourcecode.c.h; path = VideoCollectionViewController.h; sourceTree = "<group>"; };
		C2FDA0141C50B83E0064BCF3 /* VideoCollectionViewController.m */ = {isa = PBXFileReference; fileEncoding = 4; lastKnownFileType = sourcecode.c.objc; path = VideoCollectionViewController.m; sourceTree = "<group>"; };
		C2FDA0181C50B83E0064BCF3 /* zhanwei.h */ = {isa = PBXFileReference; fileEncoding = 4; lastKnownFileType = sourcecode.c.h; path = zhanwei.h; sourceTree = "<group>"; };
		C2FDA0191C50B83E0064BCF3 /* zhanwei.m */ = {isa = PBXFileReference; fileEncoding = 4; lastKnownFileType = sourcecode.c.objc; path = zhanwei.m; sourceTree = "<group>"; };
		C2FDA01B1C50B83E0064BCF3 /* APPHeader.h */ = {isa = PBXFileReference; fileEncoding = 4; lastKnownFileType = sourcecode.c.h; path = APPHeader.h; sourceTree = "<group>"; };
		C2FDA01C1C50B83E0064BCF3 /* KEYHeader.h */ = {isa = PBXFileReference; fileEncoding = 4; lastKnownFileType = sourcecode.c.h; path = KEYHeader.h; sourceTree = "<group>"; };
		C2FDA01D1C50B83E0064BCF3 /* THRHeader.h */ = {isa = PBXFileReference; fileEncoding = 4; lastKnownFileType = sourcecode.c.h; path = THRHeader.h; sourceTree = "<group>"; };
		C2FDA01E1C50B83E0064BCF3 /* URLHeader.h */ = {isa = PBXFileReference; fileEncoding = 4; lastKnownFileType = sourcecode.c.h; path = URLHeader.h; sourceTree = "<group>"; };
		C2FDA01F1C50B83E0064BCF3 /* Pch.pch */ = {isa = PBXFileReference; fileEncoding = 4; lastKnownFileType = sourcecode.c.h; path = Pch.pch; sourceTree = "<group>"; };
		C2FDA0221C50B83E0064BCF3 /* iconfont-chazhao.png */ = {isa = PBXFileReference; lastKnownFileType = image.png; path = "iconfont-chazhao.png"; sourceTree = "<group>"; };
		C2FDA0231C50B83E0064BCF3 /* iconfont-download.png */ = {isa = PBXFileReference; lastKnownFileType = image.png; path = "iconfont-download.png"; sourceTree = "<group>"; };
		C2FDA0241C50B83E0064BCF3 /* iconfont-gengduo-2.png */ = {isa = PBXFileReference; lastKnownFileType = image.png; path = "iconfont-gengduo-2.png"; sourceTree = "<group>"; };
		C2FDA0251C50B83E0064BCF3 /* iconfont-geren.png */ = {isa = PBXFileReference; lastKnownFileType = image.png; path = "iconfont-geren.png"; sourceTree = "<group>"; };
		C2FDA0261C50B83E0064BCF3 /* iconfont-ordinaryvideo.png */ = {isa = PBXFileReference; lastKnownFileType = image.png; path = "iconfont-ordinaryvideo.png"; sourceTree = "<group>"; };
		C2FDA0271C50B83E0064BCF3 /* iconfont-shequ.png */ = {isa = PBXFileReference; lastKnownFileType = image.png; path = "iconfont-shequ.png"; sourceTree = "<group>"; };
		C2FDA0281C50B83E0064BCF3 /* iconfont-zixun.png */ = {isa = PBXFileReference; lastKnownFileType = image.png; path = "iconfont-zixun.png"; sourceTree = "<group>"; };
		C2FDA02B1C50B83E0064BCF3 /* MKAnnotationView+WebCache.h */ = {isa = PBXFileReference; fileEncoding = 4; lastKnownFileType = sourcecode.c.h; path = "MKAnnotationView+WebCache.h"; sourceTree = "<group>"; };
		C2FDA02C1C50B83E0064BCF3 /* MKAnnotationView+WebCache.m */ = {isa = PBXFileReference; fileEncoding = 4; lastKnownFileType = sourcecode.c.objc; path = "MKAnnotationView+WebCache.m"; sourceTree = "<group>"; };
		C2FDA02D1C50B83E0064BCF3 /* NSData+ImageContentType.h */ = {isa = PBXFileReference; fileEncoding = 4; lastKnownFileType = sourcecode.c.h; path = "NSData+ImageContentType.h"; sourceTree = "<group>"; };
		C2FDA02E1C50B83E0064BCF3 /* NSData+ImageContentType.m */ = {isa = PBXFileReference; fileEncoding = 4; lastKnownFileType = sourcecode.c.objc; path = "NSData+ImageContentType.m"; sourceTree = "<group>"; };
		C2FDA02F1C50B83E0064BCF3 /* SDImageCache.h */ = {isa = PBXFileReference; fileEncoding = 4; lastKnownFileType = sourcecode.c.h; path = SDImageCache.h; sourceTree = "<group>"; };
		C2FDA0301C50B83E0064BCF3 /* SDImageCache.m */ = {isa = PBXFileReference; fileEncoding = 4; lastKnownFileType = sourcecode.c.objc; path = SDImageCache.m; sourceTree = "<group>"; };
		C2FDA0311C50B83E0064BCF3 /* SDWebImageCompat.h */ = {isa = PBXFileReference; fileEncoding = 4; lastKnownFileType = sourcecode.c.h; path = SDWebImageCompat.h; sourceTree = "<group>"; };
		C2FDA0321C50B83E0064BCF3 /* SDWebImageCompat.m */ = {isa = PBXFileReference; fileEncoding = 4; lastKnownFileType = sourcecode.c.objc; path = SDWebImageCompat.m; sourceTree = "<group>"; };
		C2FDA0331C50B83E0064BCF3 /* SDWebImageDecoder.h */ = {isa = PBXFileReference; fileEncoding = 4; lastKnownFileType = sourcecode.c.h; path = SDWebImageDecoder.h; sourceTree = "<group>"; };
		C2FDA0341C50B83E0064BCF3 /* SDWebImageDecoder.m */ = {isa = PBXFileReference; fileEncoding = 4; lastKnownFileType = sourcecode.c.objc; path = SDWebImageDecoder.m; sourceTree = "<group>"; };
		C2FDA0351C50B83E0064BCF3 /* SDWebImageDownloader.h */ = {isa = PBXFileReference; fileEncoding = 4; lastKnownFileType = sourcecode.c.h; path = SDWebImageDownloader.h; sourceTree = "<group>"; };
		C2FDA0361C50B83E0064BCF3 /* SDWebImageDownloader.m */ = {isa = PBXFileReference; fileEncoding = 4; lastKnownFileType = sourcecode.c.objc; path = SDWebImageDownloader.m; sourceTree = "<group>"; };
		C2FDA0371C50B83E0064BCF3 /* SDWebImageDownloaderOperation.h */ = {isa = PBXFileReference; fileEncoding = 4; lastKnownFileType = sourcecode.c.h; path = SDWebImageDownloaderOperation.h; sourceTree = "<group>"; };
		C2FDA0381C50B83E0064BCF3 /* SDWebImageDownloaderOperation.m */ = {isa = PBXFileReference; fileEncoding = 4; lastKnownFileType = sourcecode.c.objc; path = SDWebImageDownloaderOperation.m; sourceTree = "<group>"; };
		C2FDA0391C50B83E0064BCF3 /* SDWebImageManager.h */ = {isa = PBXFileReference; fileEncoding = 4; lastKnownFileType = sourcecode.c.h; path = SDWebImageManager.h; sourceTree = "<group>"; };
		C2FDA03A1C50B83E0064BCF3 /* SDWebImageManager.m */ = {isa = PBXFileReference; fileEncoding = 4; lastKnownFileType = sourcecode.c.objc; path = SDWebImageManager.m; sourceTree = "<group>"; };
		C2FDA03B1C50B83E0064BCF3 /* SDWebImageOperation.h */ = {isa = PBXFileReference; fileEncoding = 4; lastKnownFileType = sourcecode.c.h; path = SDWebImageOperation.h; sourceTree = "<group>"; };
		C2FDA03C1C50B83E0064BCF3 /* SDWebImagePrefetcher.h */ = {isa = PBXFileReference; fileEncoding = 4; lastKnownFileType = sourcecode.c.h; path = SDWebImagePrefetcher.h; sourceTree = "<group>"; };
		C2FDA03D1C50B83E0064BCF3 /* SDWebImagePrefetcher.m */ = {isa = PBXFileReference; fileEncoding = 4; lastKnownFileType = sourcecode.c.objc; path = SDWebImagePrefetcher.m; sourceTree = "<group>"; };
		C2FDA03E1C50B83E0064BCF3 /* UIButton+WebCache.h */ = {isa = PBXFileReference; fileEncoding = 4; lastKnownFileType = sourcecode.c.h; path = "UIButton+WebCache.h"; sourceTree = "<group>"; };
		C2FDA03F1C50B83E0064BCF3 /* UIButton+WebCache.m */ = {isa = PBXFileReference; fileEncoding = 4; lastKnownFileType = sourcecode.c.objc; path = "UIButton+WebCache.m"; sourceTree = "<group>"; };
		C2FDA0401C50B83E0064BCF3 /* UIImage+GIF.h */ = {isa = PBXFileReference; fileEncoding = 4; lastKnownFileType = sourcecode.c.h; path = "UIImage+GIF.h"; sourceTree = "<group>"; };
		C2FDA0411C50B83E0064BCF3 /* UIImage+GIF.m */ = {isa = PBXFileReference; fileEncoding = 4; lastKnownFileType = sourcecode.c.objc; path = "UIImage+GIF.m"; sourceTree = "<group>"; };
		C2FDA0421C50B83E0064BCF3 /* UIImage+MultiFormat.h */ = {isa = PBXFileReference; fileEncoding = 4; lastKnownFileType = sourcecode.c.h; path = "UIImage+MultiFormat.h"; sourceTree = "<group>"; };
		C2FDA0431C50B83E0064BCF3 /* UIImage+MultiFormat.m */ = {isa = PBXFileReference; fileEncoding = 4; lastKnownFileType = sourcecode.c.objc; path = "UIImage+MultiFormat.m"; sourceTree = "<group>"; };
		C2FDA0441C50B83E0064BCF3 /* UIImage+WebP.h */ = {isa = PBXFileReference; fileEncoding = 4; lastKnownFileType = sourcecode.c.h; path = "UIImage+WebP.h"; sourceTree = "<group>"; };
		C2FDA0451C50B83E0064BCF3 /* UIImage+WebP.m */ = {isa = PBXFileReference; fileEncoding = 4; lastKnownFileType = sourcecode.c.objc; path = "UIImage+WebP.m"; sourceTree = "<group>"; };
		C2FDA0461C50B83E0064BCF3 /* UIImageView+HighlightedWebCache.h */ = {isa = PBXFileReference; fileEncoding = 4; lastKnownFileType = sourcecode.c.h; path = "UIImageView+HighlightedWebCache.h"; sourceTree = "<group>"; };
		C2FDA0471C50B83E0064BCF3 /* UIImageView+HighlightedWebCache.m */ = {isa = PBXFileReference; fileEncoding = 4; lastKnownFileType = sourcecode.c.objc; path = "UIImageView+HighlightedWebCache.m"; sourceTree = "<group>"; };
		C2FDA0481C50B83E0064BCF3 /* UIImageView+WebCache.h */ = {isa = PBXFileReference; fileEncoding = 4; lastKnownFileType = sourcecode.c.h; path = "UIImageView+WebCache.h"; sourceTree = "<group>"; };
		C2FDA0491C50B83E0064BCF3 /* UIImageView+WebCache.m */ = {isa = PBXFileReference; fileEncoding = 4; lastKnownFileType = sourcecode.c.objc; path = "UIImageView+WebCache.m"; sourceTree = "<group>"; };
		C2FDA04A1C50B83E0064BCF3 /* UIView+WebCacheOperation.h */ = {isa = PBXFileReference; fileEncoding = 4; lastKnownFileType = sourcecode.c.h; path = "UIView+WebCacheOperation.h"; sourceTree = "<group>"; };
		C2FDA04B1C50B83E0064BCF3 /* UIView+WebCacheOperation.m */ = {isa = PBXFileReference; fileEncoding = 4; lastKnownFileType = sourcecode.c.objc; path = "UIView+WebCacheOperation.m"; sourceTree = "<group>"; };
		DF0DD9C61C50CDA600964E98 /* DataRequestTool.h */ = {isa = PBXFileReference; fileEncoding = 4; lastKnownFileType = sourcecode.c.h; path = DataRequestTool.h; sourceTree = "<group>"; };
		DF0DD9C71C50CDA600964E98 /* DataRequestTool.m */ = {isa = PBXFileReference; fileEncoding = 4; lastKnownFileType = sourcecode.c.objc; path = DataRequestTool.m; sourceTree = "<group>"; };
/* End PBXFileReference section */

/* Begin PBXFrameworksBuildPhase section */
		6A05E7C41C507BCD009CEFDE /* Frameworks */ = {
			isa = PBXFrameworksBuildPhase;
			buildActionMask = 2147483647;
			files = (
			);
			runOnlyForDeploymentPostprocessing = 0;
		};
/* End PBXFrameworksBuildPhase section */

/* Begin PBXGroup section */
		6A05E7BE1C507BCD009CEFDE = {
			isa = PBXGroup;
			children = (
				6A05E7C91C507BCD009CEFDE /* LOLPalm */,
				6A05E7C81C507BCD009CEFDE /* Products */,
			);
			sourceTree = "<group>";
		};
		6A05E7C81C507BCD009CEFDE /* Products */ = {
			isa = PBXGroup;
			children = (
				6A05E7C71C507BCD009CEFDE /* LOLPalm.app */,
			);
			name = Products;
			sourceTree = "<group>";
		};
		6A05E7C91C507BCD009CEFDE /* LOLPalm */ = {
			isa = PBXGroup;
			children = (
				C2FD9FF11C50B83E0064BCF3 /* Source */,
				6A05E7D31C507BCD009CEFDE /* Main.storyboard */,
				6A05E7D61C507BCD009CEFDE /* Assets.xcassets */,
				6A05E7D81C507BCD009CEFDE /* LaunchScreen.storyboard */,
				6A05E7DB1C507BCD009CEFDE /* Info.plist */,
				6A05E7CA1C507BCD009CEFDE /* Supporting Files */,
			);
			path = LOLPalm;
			sourceTree = "<group>";
		};
		6A05E7CA1C507BCD009CEFDE /* Supporting Files */ = {
			isa = PBXGroup;
			children = (
				6A05E7CB1C507BCD009CEFDE /* main.m */,
			);
			name = "Supporting Files";
			sourceTree = "<group>";
		};
		C2FD9FF11C50B83E0064BCF3 /* Source */ = {
			isa = PBXGroup;
			children = (
				C2FD9FF21C50B83E0064BCF3 /* Application */,
				C2FD9FF51C50B83E0064BCF3 /* BaseClass */,
				C2FD9FF81C50B83E0064BCF3 /* CodeClass */,
				C2FDA0171C50B83E0064BCF3 /* Framework */,
				C2FDA01A1C50B83E0064BCF3 /* Header */,
				C2FDA01F1C50B83E0064BCF3 /* Pch.pch */,
				C2FDA0201C50B83E0064BCF3 /* Resources */,
				C2FDA0291C50B83E0064BCF3 /* TheThird */,
			);
			path = Source;
			sourceTree = "<group>";
		};
		C2FD9FF21C50B83E0064BCF3 /* Application */ = {
			isa = PBXGroup;
			children = (
				C2FD9FF31C50B83E0064BCF3 /* AppDelegate.h */,
				C2FD9FF41C50B83E0064BCF3 /* AppDelegate.m */,
			);
			path = Application;
			sourceTree = "<group>";
		};
		C2FD9FF51C50B83E0064BCF3 /* BaseClass */ = {
			isa = PBXGroup;
			children = (
				DF0DD9C61C50CDA600964E98 /* DataRequestTool.h */,
				DF0DD9C71C50CDA600964E98 /* DataRequestTool.m */,
			);
			path = BaseClass;
			sourceTree = "<group>";
		};
		C2FD9FF81C50B83E0064BCF3 /* CodeClass */ = {
			isa = PBXGroup;
			children = (
				C2FD9FF91C50B83E0064BCF3 /* community */,
				C2FD9FFF1C50B83E0064BCF3 /* hero */,
				C2FDA0051C50B83E0064BCF3 /* information */,
				C2FDA00B1C50B83E0064BCF3 /* more */,
				C2FDA0111C50B83E0064BCF3 /* video */,
			);
			path = CodeClass;
			sourceTree = "<group>";
		};
		C2FD9FF91C50B83E0064BCF3 /* community */ = {
			isa = PBXGroup;
			children = (
				C2FD9FFA1C50B83E0064BCF3 /* Controller */,
				C2FD9FFD1C50B83E0064BCF3 /* Model */,
				C2FD9FFE1C50B83E0064BCF3 /* View */,
			);
			path = community;
			sourceTree = "<group>";
		};
		C2FD9FFA1C50B83E0064BCF3 /* Controller */ = {
			isa = PBXGroup;
			children = (
				C2FD9FFB1C50B83E0064BCF3 /* CommunityTableViewController.h */,
				C2FD9FFC1C50B83E0064BCF3 /* CommunityTableViewController.m */,
			);
			path = Controller;
			sourceTree = "<group>";
		};
		C2FD9FFD1C50B83E0064BCF3 /* Model */ = {
			isa = PBXGroup;
			children = (
			);
			path = Model;
			sourceTree = "<group>";
		};
		C2FD9FFE1C50B83E0064BCF3 /* View */ = {
			isa = PBXGroup;
			children = (
			);
			path = View;
			sourceTree = "<group>";
		};
		C2FD9FFF1C50B83E0064BCF3 /* hero */ = {
			isa = PBXGroup;
			children = (
				C2FDA0001C50B83E0064BCF3 /* Controller */,
				C2FDA0031C50B83E0064BCF3 /* Model */,
				C2FDA0041C50B83E0064BCF3 /* View */,
			);
			path = hero;
			sourceTree = "<group>";
		};
		C2FDA0001C50B83E0064BCF3 /* Controller */ = {
			isa = PBXGroup;
			children = (
				C2FDA0011C50B83E0064BCF3 /* HeroTableViewController.h */,
				C2FDA0021C50B83E0064BCF3 /* HeroTableViewController.m */,
			);
			path = Controller;
			sourceTree = "<group>";
		};
		C2FDA0031C50B83E0064BCF3 /* Model */ = {
			isa = PBXGroup;
			children = (
			);
			path = Model;
			sourceTree = "<group>";
		};
		C2FDA0041C50B83E0064BCF3 /* View */ = {
			isa = PBXGroup;
			children = (
			);
			path = View;
			sourceTree = "<group>";
		};
		C2FDA0051C50B83E0064BCF3 /* information */ = {
			isa = PBXGroup;
			children = (
				C2FDA0061C50B83E0064BCF3 /* Controller */,
				C2FDA0091C50B83E0064BCF3 /* Model */,
				C2FDA00A1C50B83E0064BCF3 /* View */,
			);
			path = information;
			sourceTree = "<group>";
		};
		C2FDA0061C50B83E0064BCF3 /* Controller */ = {
			isa = PBXGroup;
			children = (
				C2FDA0071C50B83E0064BCF3 /* InformationTableViewController.h */,
				C2FDA0081C50B83E0064BCF3 /* InformationTableViewController.m */,
			);
			path = Controller;
			sourceTree = "<group>";
		};
		C2FDA0091C50B83E0064BCF3 /* Model */ = {
			isa = PBXGroup;
			children = (
			);
			path = Model;
			sourceTree = "<group>";
		};
		C2FDA00A1C50B83E0064BCF3 /* View */ = {
			isa = PBXGroup;
			children = (
			);
			path = View;
			sourceTree = "<group>";
		};
		C2FDA00B1C50B83E0064BCF3 /* more */ = {
			isa = PBXGroup;
			children = (
				C2FDA00C1C50B83E0064BCF3 /* Controller */,
				C2FDA00F1C50B83E0064BCF3 /* Model */,
				C2FDA0101C50B83E0064BCF3 /* View */,
			);
			path = more;
			sourceTree = "<group>";
		};
		C2FDA00C1C50B83E0064BCF3 /* Controller */ = {
			isa = PBXGroup;
			children = (
				C2FDA00D1C50B83E0064BCF3 /* MoreCollectionViewController.h */,
				C2FDA00E1C50B83E0064BCF3 /* MoreCollectionViewController.m */,
			);
			path = Controller;
			sourceTree = "<group>";
		};
		C2FDA00F1C50B83E0064BCF3 /* Model */ = {
			isa = PBXGroup;
			children = (
			);
			path = Model;
			sourceTree = "<group>";
		};
		C2FDA0101C50B83E0064BCF3 /* View */ = {
			isa = PBXGroup;
			children = (
			);
			path = View;
			sourceTree = "<group>";
		};
		C2FDA0111C50B83E0064BCF3 /* video */ = {
			isa = PBXGroup;
			children = (
				C2FDA0121C50B83E0064BCF3 /* Controller */,
				C2FDA0151C50B83E0064BCF3 /* Model */,
				C2FDA0161C50B83E0064BCF3 /* View */,
			);
			path = video;
			sourceTree = "<group>";
		};
		C2FDA0121C50B83E0064BCF3 /* Controller */ = {
			isa = PBXGroup;
			children = (
				C2FDA0131C50B83E0064BCF3 /* VideoCollectionViewController.h */,
				C2FDA0141C50B83E0064BCF3 /* VideoCollectionViewController.m */,
			);
			path = Controller;
			sourceTree = "<group>";
		};
		C2FDA0151C50B83E0064BCF3 /* Model */ = {
			isa = PBXGroup;
			children = (
			);
			path = Model;
			sourceTree = "<group>";
		};
		C2FDA0161C50B83E0064BCF3 /* View */ = {
			isa = PBXGroup;
			children = (
			);
			path = View;
			sourceTree = "<group>";
		};
		C2FDA0171C50B83E0064BCF3 /* Framework */ = {
			isa = PBXGroup;
			children = (
				C2FDA0181C50B83E0064BCF3 /* zhanwei.h */,
				C2FDA0191C50B83E0064BCF3 /* zhanwei.m */,
			);
			path = Framework;
			sourceTree = "<group>";
		};
		C2FDA01A1C50B83E0064BCF3 /* Header */ = {
			isa = PBXGroup;
			children = (
				C2FDA01B1C50B83E0064BCF3 /* APPHeader.h */,
				C2FDA01C1C50B83E0064BCF3 /* KEYHeader.h */,
				C2FDA01D1C50B83E0064BCF3 /* THRHeader.h */,
				C2FDA01E1C50B83E0064BCF3 /* URLHeader.h */,
			);
			path = Header;
			sourceTree = "<group>";
		};
		C2FDA0201C50B83E0064BCF3 /* Resources */ = {
			isa = PBXGroup;
			children = (
				C2FDA0211C50B83E0064BCF3 /* icnfont */,
			);
			path = Resources;
			sourceTree = "<group>";
		};
		C2FDA0211C50B83E0064BCF3 /* icnfont */ = {
			isa = PBXGroup;
			children = (
				C2FDA0221C50B83E0064BCF3 /* iconfont-chazhao.png */,
				C2FDA0231C50B83E0064BCF3 /* iconfont-download.png */,
				C2FDA0241C50B83E0064BCF3 /* iconfont-gengduo-2.png */,
				C2FDA0251C50B83E0064BCF3 /* iconfont-geren.png */,
				C2FDA0261C50B83E0064BCF3 /* iconfont-ordinaryvideo.png */,
				C2FDA0271C50B83E0064BCF3 /* iconfont-shequ.png */,
				C2FDA0281C50B83E0064BCF3 /* iconfont-zixun.png */,
			);
			path = icnfont;
			sourceTree = "<group>";
		};
		C2FDA0291C50B83E0064BCF3 /* TheThird */ = {
			isa = PBXGroup;
			children = (
				C2FDA02A1C50B83E0064BCF3 /* SDWebImage */,
			);
			path = TheThird;
			sourceTree = "<group>";
		};
		C2FDA02A1C50B83E0064BCF3 /* SDWebImage */ = {
			isa = PBXGroup;
			children = (
				C2FDA02B1C50B83E0064BCF3 /* MKAnnotationView+WebCache.h */,
				C2FDA02C1C50B83E0064BCF3 /* MKAnnotationView+WebCache.m */,
				C2FDA02D1C50B83E0064BCF3 /* NSData+ImageContentType.h */,
				C2FDA02E1C50B83E0064BCF3 /* NSData+ImageContentType.m */,
				C2FDA02F1C50B83E0064BCF3 /* SDImageCache.h */,
				C2FDA0301C50B83E0064BCF3 /* SDImageCache.m */,
				C2FDA0311C50B83E0064BCF3 /* SDWebImageCompat.h */,
				C2FDA0321C50B83E0064BCF3 /* SDWebImageCompat.m */,
				C2FDA0331C50B83E0064BCF3 /* SDWebImageDecoder.h */,
				C2FDA0341C50B83E0064BCF3 /* SDWebImageDecoder.m */,
				C2FDA0351C50B83E0064BCF3 /* SDWebImageDownloader.h */,
				C2FDA0361C50B83E0064BCF3 /* SDWebImageDownloader.m */,
				C2FDA0371C50B83E0064BCF3 /* SDWebImageDownloaderOperation.h */,
				C2FDA0381C50B83E0064BCF3 /* SDWebImageDownloaderOperation.m */,
				C2FDA0391C50B83E0064BCF3 /* SDWebImageManager.h */,
				C2FDA03A1C50B83E0064BCF3 /* SDWebImageManager.m */,
				C2FDA03B1C50B83E0064BCF3 /* SDWebImageOperation.h */,
				C2FDA03C1C50B83E0064BCF3 /* SDWebImagePrefetcher.h */,
				C2FDA03D1C50B83E0064BCF3 /* SDWebImagePrefetcher.m */,
				C2FDA03E1C50B83E0064BCF3 /* UIButton+WebCache.h */,
				C2FDA03F1C50B83E0064BCF3 /* UIButton+WebCache.m */,
				C2FDA0401C50B83E0064BCF3 /* UIImage+GIF.h */,
				C2FDA0411C50B83E0064BCF3 /* UIImage+GIF.m */,
				C2FDA0421C50B83E0064BCF3 /* UIImage+MultiFormat.h */,
				C2FDA0431C50B83E0064BCF3 /* UIImage+MultiFormat.m */,
				C2FDA0441C50B83E0064BCF3 /* UIImage+WebP.h */,
				C2FDA0451C50B83E0064BCF3 /* UIImage+WebP.m */,
				C2FDA0461C50B83E0064BCF3 /* UIImageView+HighlightedWebCache.h */,
				C2FDA0471C50B83E0064BCF3 /* UIImageView+HighlightedWebCache.m */,
				C2FDA0481C50B83E0064BCF3 /* UIImageView+WebCache.h */,
				C2FDA0491C50B83E0064BCF3 /* UIImageView+WebCache.m */,
				C2FDA04A1C50B83E0064BCF3 /* UIView+WebCacheOperation.h */,
				C2FDA04B1C50B83E0064BCF3 /* UIView+WebCacheOperation.m */,
			);
			path = SDWebImage;
			sourceTree = "<group>";
		};
/* End PBXGroup section */

/* Begin PBXNativeTarget section */
		6A05E7C61C507BCD009CEFDE /* LOLPalm */ = {
			isa = PBXNativeTarget;
			buildConfigurationList = 6A05E7DE1C507BCD009CEFDE /* Build configuration list for PBXNativeTarget "LOLPalm" */;
			buildPhases = (
				6A05E7C31C507BCD009CEFDE /* Sources */,
				6A05E7C41C507BCD009CEFDE /* Frameworks */,
				6A05E7C51C507BCD009CEFDE /* Resources */,
			);
			buildRules = (
			);
			dependencies = (
			);
			name = LOLPalm;
			productName = LOLPalm;
			productReference = 6A05E7C71C507BCD009CEFDE /* LOLPalm.app */;
			productType = "com.apple.product-type.application";
		};
/* End PBXNativeTarget section */

/* Begin PBXProject section */
		6A05E7BF1C507BCD009CEFDE /* Project object */ = {
			isa = PBXProject;
			attributes = {
				LastUpgradeCheck = 0710;
				ORGANIZATIONNAME = "宋庆亮";
				TargetAttributes = {
					6A05E7C61C507BCD009CEFDE = {
						CreatedOnToolsVersion = 7.1.1;
						DevelopmentTeam = ZT8J5SFKYP;
					};
				};
			};
			buildConfigurationList = 6A05E7C21C507BCD009CEFDE /* Build configuration list for PBXProject "LOLPalm" */;
			compatibilityVersion = "Xcode 3.2";
			developmentRegion = English;
			hasScannedForEncodings = 0;
			knownRegions = (
				en,
				Base,
			);
			mainGroup = 6A05E7BE1C507BCD009CEFDE;
			productRefGroup = 6A05E7C81C507BCD009CEFDE /* Products */;
			projectDirPath = "";
			projectRoot = "";
			targets = (
				6A05E7C61C507BCD009CEFDE /* LOLPalm */,
			);
		};
/* End PBXProject section */

/* Begin PBXResourcesBuildPhase section */
		6A05E7C51C507BCD009CEFDE /* Resources */ = {
			isa = PBXResourcesBuildPhase;
			buildActionMask = 2147483647;
			files = (
				C2FDA05A1C50B83E0064BCF3 /* iconfont-zixun.png in Resources */,
				C2FDA0571C50B83E0064BCF3 /* iconfont-geren.png in Resources */,
				C2FDA0581C50B83E0064BCF3 /* iconfont-ordinaryvideo.png in Resources */,
				6A05E7DA1C507BCD009CEFDE /* LaunchScreen.storyboard in Resources */,
				C2FDA0591C50B83E0064BCF3 /* iconfont-shequ.png in Resources */,
				6A05E7D71C507BCD009CEFDE /* Assets.xcassets in Resources */,
				C2FDA0541C50B83E0064BCF3 /* iconfont-chazhao.png in Resources */,
				C2FDA0551C50B83E0064BCF3 /* iconfont-download.png in Resources */,
				C2FDA0561C50B83E0064BCF3 /* iconfont-gengduo-2.png in Resources */,
				6A05E7D51C507BCD009CEFDE /* Main.storyboard in Resources */,
			);
			runOnlyForDeploymentPostprocessing = 0;
		};
/* End PBXResourcesBuildPhase section */

/* Begin PBXSourcesBuildPhase section */
		6A05E7C31C507BCD009CEFDE /* Sources */ = {
			isa = PBXSourcesBuildPhase;
			buildActionMask = 2147483647;
			files = (
				C2FDA0681C50B83E0064BCF3 /* UIImageView+HighlightedWebCache.m in Sources */,
				C2FDA05F1C50B83E0064BCF3 /* SDWebImageDecoder.m in Sources */,
				C2FDA0691C50B83E0064BCF3 /* UIImageView+WebCache.m in Sources */,
				C2FDA0501C50B83E0064BCF3 /* InformationTableViewController.m in Sources */,
				C2FDA0611C50B83E0064BCF3 /* SDWebImageDownloaderOperation.m in Sources */,
				C2FDA0621C50B83E0064BCF3 /* SDWebImageManager.m in Sources */,
				DF0DD9C81C50CDA600964E98 /* DataRequestTool.m in Sources */,
				C2FDA04C1C50B83E0064BCF3 /* AppDelegate.m in Sources */,
				C2FDA0511C50B83E0064BCF3 /* MoreCollectionViewController.m in Sources */,
				C2FDA0601C50B83E0064BCF3 /* SDWebImageDownloader.m in Sources */,
				C2FDA05B1C50B83E0064BCF3 /* MKAnnotationView+WebCache.m in Sources */,
				C2FDA05E1C50B83E0064BCF3 /* SDWebImageCompat.m in Sources */,
				C2FDA0631C50B83E0064BCF3 /* SDWebImagePrefetcher.m in Sources */,
				C2FDA06A1C50B83E0064BCF3 /* UIView+WebCacheOperation.m in Sources */,
				C2FDA0661C50B83E0064BCF3 /* UIImage+MultiFormat.m in Sources */,
				C2FDA04E1C50B83E0064BCF3 /* CommunityTableViewController.m in Sources */,
				C2FDA0521C50B83E0064BCF3 /* VideoCollectionViewController.m in Sources */,
				C2FDA0641C50B83E0064BCF3 /* UIButton+WebCache.m in Sources */,
				C2FDA05D1C50B83E0064BCF3 /* SDImageCache.m in Sources */,
				C2FDA04F1C50B83E0064BCF3 /* HeroTableViewController.m in Sources */,
				C2FDA0531C50B83E0064BCF3 /* zhanwei.m in Sources */,
				6A05E7CC1C507BCD009CEFDE /* main.m in Sources */,
				C2FDA0651C50B83E0064BCF3 /* UIImage+GIF.m in Sources */,
				C2FDA05C1C50B83E0064BCF3 /* NSData+ImageContentType.m in Sources */,
				C2FDA0671C50B83E0064BCF3 /* UIImage+WebP.m in Sources */,
			);
			runOnlyForDeploymentPostprocessing = 0;
		};
/* End PBXSourcesBuildPhase section */

/* Begin PBXVariantGroup section */
		6A05E7D31C507BCD009CEFDE /* Main.storyboard */ = {
			isa = PBXVariantGroup;
			children = (
				6A05E7D41C507BCD009CEFDE /* Base */,
			);
			name = Main.storyboard;
			sourceTree = "<group>";
		};
		6A05E7D81C507BCD009CEFDE /* LaunchScreen.storyboard */ = {
			isa = PBXVariantGroup;
			children = (
				6A05E7D91C507BCD009CEFDE /* Base */,
			);
			name = LaunchScreen.storyboard;
			sourceTree = "<group>";
		};
/* End PBXVariantGroup section */

/* Begin XCBuildConfiguration section */
		6A05E7DC1C507BCD009CEFDE /* Debug */ = {
			isa = XCBuildConfiguration;
			buildSettings = {
				ALWAYS_SEARCH_USER_PATHS = NO;
				CLANG_CXX_LANGUAGE_STANDARD = "gnu++0x";
				CLANG_CXX_LIBRARY = "libc++";
				CLANG_ENABLE_MODULES = YES;
				CLANG_ENABLE_OBJC_ARC = YES;
				CLANG_WARN_BOOL_CONVERSION = YES;
				CLANG_WARN_CONSTANT_CONVERSION = YES;
				CLANG_WARN_DIRECT_OBJC_ISA_USAGE = YES_ERROR;
				CLANG_WARN_EMPTY_BODY = YES;
				CLANG_WARN_ENUM_CONVERSION = YES;
				CLANG_WARN_INT_CONVERSION = YES;
				CLANG_WARN_OBJC_ROOT_CLASS = YES_ERROR;
				CLANG_WARN_UNREACHABLE_CODE = YES;
				CLANG_WARN__DUPLICATE_METHOD_MATCH = YES;
				"CODE_SIGN_IDENTITY[sdk=iphoneos*]" = "iPhone Developer";
				COPY_PHASE_STRIP = NO;
				DEBUG_INFORMATION_FORMAT = dwarf;
				ENABLE_STRICT_OBJC_MSGSEND = YES;
				ENABLE_TESTABILITY = YES;
				GCC_C_LANGUAGE_STANDARD = gnu99;
				GCC_DYNAMIC_NO_PIC = NO;
				GCC_NO_COMMON_BLOCKS = YES;
				GCC_OPTIMIZATION_LEVEL = 0;
				GCC_PREPROCESSOR_DEFINITIONS = (
					"DEBUG=1",
					"$(inherited)",
				);
				GCC_WARN_64_TO_32_BIT_CONVERSION = YES;
				GCC_WARN_ABOUT_RETURN_TYPE = YES_ERROR;
				GCC_WARN_UNDECLARED_SELECTOR = YES;
				GCC_WARN_UNINITIALIZED_AUTOS = YES_AGGRESSIVE;
				GCC_WARN_UNUSED_FUNCTION = YES;
				GCC_WARN_UNUSED_VARIABLE = YES;
				IPHONEOS_DEPLOYMENT_TARGET = 9.1;
				MTL_ENABLE_DEBUG_INFO = YES;
				ONLY_ACTIVE_ARCH = YES;
				SDKROOT = iphoneos;
				TARGETED_DEVICE_FAMILY = "1,2";
			};
			name = Debug;
		};
		6A05E7DD1C507BCD009CEFDE /* Release */ = {
			isa = XCBuildConfiguration;
			buildSettings = {
				ALWAYS_SEARCH_USER_PATHS = NO;
				CLANG_CXX_LANGUAGE_STANDARD = "gnu++0x";
				CLANG_CXX_LIBRARY = "libc++";
				CLANG_ENABLE_MODULES = YES;
				CLANG_ENABLE_OBJC_ARC = YES;
				CLANG_WARN_BOOL_CONVERSION = YES;
				CLANG_WARN_CONSTANT_CONVERSION = YES;
				CLANG_WARN_DIRECT_OBJC_ISA_USAGE = YES_ERROR;
				CLANG_WARN_EMPTY_BODY = YES;
				CLANG_WARN_ENUM_CONVERSION = YES;
				CLANG_WARN_INT_CONVERSION = YES;
				CLANG_WARN_OBJC_ROOT_CLASS = YES_ERROR;
				CLANG_WARN_UNREACHABLE_CODE = YES;
				CLANG_WARN__DUPLICATE_METHOD_MATCH = YES;
				"CODE_SIGN_IDENTITY[sdk=iphoneos*]" = "iPhone Developer";
				COPY_PHASE_STRIP = NO;
				DEBUG_INFORMATION_FORMAT = "dwarf-with-dsym";
				ENABLE_NS_ASSERTIONS = NO;
				ENABLE_STRICT_OBJC_MSGSEND = YES;
				GCC_C_LANGUAGE_STANDARD = gnu99;
				GCC_NO_COMMON_BLOCKS = YES;
				GCC_WARN_64_TO_32_BIT_CONVERSION = YES;
				GCC_WARN_ABOUT_RETURN_TYPE = YES_ERROR;
				GCC_WARN_UNDECLARED_SELECTOR = YES;
				GCC_WARN_UNINITIALIZED_AUTOS = YES_AGGRESSIVE;
				GCC_WARN_UNUSED_FUNCTION = YES;
				GCC_WARN_UNUSED_VARIABLE = YES;
				IPHONEOS_DEPLOYMENT_TARGET = 9.1;
				MTL_ENABLE_DEBUG_INFO = NO;
				SDKROOT = iphoneos;
				TARGETED_DEVICE_FAMILY = "1,2";
				VALIDATE_PRODUCT = YES;
			};
			name = Release;
		};
		6A05E7DF1C507BCD009CEFDE /* Debug */ = {
			isa = XCBuildConfiguration;
			buildSettings = {
				ASSETCATALOG_COMPILER_APPICON_NAME = AppIcon;
				GCC_PREFIX_HEADER = "$(SRCROOT)/LOLPalm/Source/Pch.pch";
				INFOPLIST_FILE = LOLPalm/Info.plist;
				LD_RUNPATH_SEARCH_PATHS = "$(inherited) @executable_path/Frameworks";
				PRODUCT_BUNDLE_IDENTIFIER = xiaoxiao.com.LOLPalm;
				PRODUCT_NAME = "$(TARGET_NAME)";
			};
			name = Debug;
		};
		6A05E7E01C507BCD009CEFDE /* Release */ = {
			isa = XCBuildConfiguration;
			buildSettings = {
				ASSETCATALOG_COMPILER_APPICON_NAME = AppIcon;
				GCC_PREFIX_HEADER = "$(SRCROOT)/LOLPalm/Source/Pch.pch";
				INFOPLIST_FILE = LOLPalm/Info.plist;
				LD_RUNPATH_SEARCH_PATHS = "$(inherited) @executable_path/Frameworks";
				PRODUCT_BUNDLE_IDENTIFIER = xiaoxiao.com.LOLPalm;
				PRODUCT_NAME = "$(TARGET_NAME)";
			};
			name = Release;
		};
/* End XCBuildConfiguration section */

/* Begin XCConfigurationList section */
		6A05E7C21C507BCD009CEFDE /* Build configuration list for PBXProject "LOLPalm" */ = {
			isa = XCConfigurationList;
			buildConfigurations = (
				6A05E7DC1C507BCD009CEFDE /* Debug */,
				6A05E7DD1C507BCD009CEFDE /* Release */,
			);
			defaultConfigurationIsVisible = 0;
			defaultConfigurationName = Release;
		};
		6A05E7DE1C507BCD009CEFDE /* Build configuration list for PBXNativeTarget "LOLPalm" */ = {
			isa = XCConfigurationList;
			buildConfigurations = (
				6A05E7DF1C507BCD009CEFDE /* Debug */,
				6A05E7E01C507BCD009CEFDE /* Release */,
			);
			defaultConfigurationIsVisible = 0;
			defaultConfigurationName = Release;
		};
/* End XCConfigurationList section */
	};
	rootObject = 6A05E7BF1C507BCD009CEFDE /* Project object */;
}
